// !$*UTF8*$!
{
	archiveVersion = 1;
	classes = {
	};
	objectVersion = 55;
	objects = {

/* Begin PBXBuildFile section */
		460735BB2803E4BD000F2E59 /* UIButton.swift in Sources */ = {isa = PBXBuildFile; fileRef = 460735BA2803E4BD000F2E59 /* UIButton.swift */; };
		460735BE2803E74A000F2E59 /* UIView.swift in Sources */ = {isa = PBXBuildFile; fileRef = 460735BD2803E74A000F2E59 /* UIView.swift */; };
		460735C02803E86E000F2E59 /* UIColor.swift in Sources */ = {isa = PBXBuildFile; fileRef = 460735BF2803E86E000F2E59 /* UIColor.swift */; };
		460735C22803EC6F000F2E59 /* UITextField.swift in Sources */ = {isa = PBXBuildFile; fileRef = 460735C12803EC6F000F2E59 /* UITextField.swift */; };
		4684AD132803D21D004AEFF9 /* AppDelegate.swift in Sources */ = {isa = PBXBuildFile; fileRef = 4684AD122803D21D004AEFF9 /* AppDelegate.swift */; };
		4684AD152803D21D004AEFF9 /* SceneDelegate.swift in Sources */ = {isa = PBXBuildFile; fileRef = 4684AD142803D21D004AEFF9 /* SceneDelegate.swift */; };
		4684AD172803D21D004AEFF9 /* NotiListVC.swift in Sources */ = {isa = PBXBuildFile; fileRef = 4684AD162803D21D004AEFF9 /* NotiListVC.swift */; };
		4684AD1A2803D21D004AEFF9 /* Main.storyboard in Resources */ = {isa = PBXBuildFile; fileRef = 4684AD182803D21D004AEFF9 /* Main.storyboard */; };
		4684AD1C2803D21F004AEFF9 /* Assets.xcassets in Resources */ = {isa = PBXBuildFile; fileRef = 4684AD1B2803D21F004AEFF9 /* Assets.xcassets */; };
		4684AD1F2803D21F004AEFF9 /* LaunchScreen.storyboard in Resources */ = {isa = PBXBuildFile; fileRef = 4684AD1D2803D21F004AEFF9 /* LaunchScreen.storyboard */; };
		4684AD2A2803D21F004AEFF9 /* G_InterviewTests.swift in Sources */ = {isa = PBXBuildFile; fileRef = 4684AD292803D21F004AEFF9 /* G_InterviewTests.swift */; };
		4684AD342803D21F004AEFF9 /* G_InterviewUITests.swift in Sources */ = {isa = PBXBuildFile; fileRef = 4684AD332803D21F004AEFF9 /* G_InterviewUITests.swift */; };
		4684AD362803D21F004AEFF9 /* G_InterviewUITestsLaunchTests.swift in Sources */ = {isa = PBXBuildFile; fileRef = 4684AD352803D21F004AEFF9 /* G_InterviewUITestsLaunchTests.swift */; };
		4684AD442803D569004AEFF9 /* APIFetcher.swift in Sources */ = {isa = PBXBuildFile; fileRef = 4684AD432803D569004AEFF9 /* APIFetcher.swift */; };
		4684AD462803D812004AEFF9 /* EndPoint.swift in Sources */ = {isa = PBXBuildFile; fileRef = 4684AD452803D812004AEFF9 /* EndPoint.swift */; };
		4684AD482803D83A004AEFF9 /* NetworkError.swift in Sources */ = {isa = PBXBuildFile; fileRef = 4684AD472803D83A004AEFF9 /* NetworkError.swift */; };
		4684AD4B2803D8AB004AEFF9 /* NotiService.swift in Sources */ = {isa = PBXBuildFile; fileRef = 4684AD4A2803D8AB004AEFF9 /* NotiService.swift */; };
		4684AD4D2803D8F8004AEFF9 /* APIService.swift in Sources */ = {isa = PBXBuildFile; fileRef = 4684AD4C2803D8F8004AEFF9 /* APIService.swift */; };
		4684AD502803DE8D004AEFF9 /* NotiListViewModel.swift in Sources */ = {isa = PBXBuildFile; fileRef = 4684AD4F2803DE8D004AEFF9 /* NotiListViewModel.swift */; };
		4684AD532803E158004AEFF9 /* DeclarativeStyle in Frameworks */ = {isa = PBXBuildFile; productRef = 4684AD522803E158004AEFF9 /* DeclarativeStyle */; };
		4684AD562803E16F004AEFF9 /* StackViewHelper in Frameworks */ = {isa = PBXBuildFile; productRef = 4684AD552803E16F004AEFF9 /* StackViewHelper */; };
		4684AD592803E1B0004AEFF9 /* AutoLayoutHelper in Frameworks */ = {isa = PBXBuildFile; productRef = 4684AD582803E1B0004AEFF9 /* AutoLayoutHelper */; };
		4684AD5C2803E3E7004AEFF9 /* UILabel.swift in Sources */ = {isa = PBXBuildFile; fileRef = 4684AD5B2803E3E7004AEFF9 /* UILabel.swift */; };
		46B54F6428040434004C31AB /* NotiCell.swift in Sources */ = {isa = PBXBuildFile; fileRef = 46B54F6328040434004C31AB /* NotiCell.swift */; };
		46B54F67280405E2004C31AB /* Kingfisher in Frameworks */ = {isa = PBXBuildFile; productRef = 46B54F66280405E2004C31AB /* Kingfisher */; };
		46B54F6A28040713004C31AB /* Missable.swift in Sources */ = {isa = PBXBuildFile; fileRef = 46B54F6928040713004C31AB /* Missable.swift */; };
		46B54F6C28040735004C31AB /* DefaultDecodable.swift in Sources */ = {isa = PBXBuildFile; fileRef = 46B54F6B28040735004C31AB /* DefaultDecodable.swift */; };
/* End PBXBuildFile section */

/* Begin PBXContainerItemProxy section */
		4684AD262803D21F004AEFF9 /* PBXContainerItemProxy */ = {
			isa = PBXContainerItemProxy;
			containerPortal = 4684AD072803D21D004AEFF9 /* Project object */;
			proxyType = 1;
			remoteGlobalIDString = 4684AD0E2803D21D004AEFF9;
			remoteInfo = "G-Interview";
		};
		4684AD302803D21F004AEFF9 /* PBXContainerItemProxy */ = {
			isa = PBXContainerItemProxy;
			containerPortal = 4684AD072803D21D004AEFF9 /* Project object */;
			proxyType = 1;
			remoteGlobalIDString = 4684AD0E2803D21D004AEFF9;
			remoteInfo = "G-Interview";
		};
/* End PBXContainerItemProxy section */

/* Begin PBXFileReference section */
		460735BA2803E4BD000F2E59 /* UIButton.swift */ = {isa = PBXFileReference; lastKnownFileType = sourcecode.swift; path = UIButton.swift; sourceTree = "<group>"; };
		460735BD2803E74A000F2E59 /* UIView.swift */ = {isa = PBXFileReference; lastKnownFileType = sourcecode.swift; path = UIView.swift; sourceTree = "<group>"; };
		460735BF2803E86E000F2E59 /* UIColor.swift */ = {isa = PBXFileReference; lastKnownFileType = sourcecode.swift; path = UIColor.swift; sourceTree = "<group>"; };
		460735C12803EC6F000F2E59 /* UITextField.swift */ = {isa = PBXFileReference; lastKnownFileType = sourcecode.swift; path = UITextField.swift; sourceTree = "<group>"; };
		4684AD0F2803D21D004AEFF9 /* G-Interview.app */ = {isa = PBXFileReference; explicitFileType = wrapper.application; includeInIndex = 0; path = "G-Interview.app"; sourceTree = BUILT_PRODUCTS_DIR; };
		4684AD122803D21D004AEFF9 /* AppDelegate.swift */ = {isa = PBXFileReference; lastKnownFileType = sourcecode.swift; path = AppDelegate.swift; sourceTree = "<group>"; };
		4684AD142803D21D004AEFF9 /* SceneDelegate.swift */ = {isa = PBXFileReference; lastKnownFileType = sourcecode.swift; path = SceneDelegate.swift; sourceTree = "<group>"; };
		4684AD162803D21D004AEFF9 /* NotiListVC.swift */ = {isa = PBXFileReference; lastKnownFileType = sourcecode.swift; path = NotiListVC.swift; sourceTree = "<group>"; };
		4684AD192803D21D004AEFF9 /* Base */ = {isa = PBXFileReference; lastKnownFileType = file.storyboard; name = Base; path = Base.lproj/Main.storyboard; sourceTree = "<group>"; };
		4684AD1B2803D21F004AEFF9 /* Assets.xcassets */ = {isa = PBXFileReference; lastKnownFileType = folder.assetcatalog; path = Assets.xcassets; sourceTree = "<group>"; };
		4684AD1E2803D21F004AEFF9 /* Base */ = {isa = PBXFileReference; lastKnownFileType = file.storyboard; name = Base; path = Base.lproj/LaunchScreen.storyboard; sourceTree = "<group>"; };
		4684AD202803D21F004AEFF9 /* Info.plist */ = {isa = PBXFileReference; lastKnownFileType = text.plist.xml; path = Info.plist; sourceTree = "<group>"; };
		4684AD252803D21F004AEFF9 /* G-InterviewTests.xctest */ = {isa = PBXFileReference; explicitFileType = wrapper.cfbundle; includeInIndex = 0; path = "G-InterviewTests.xctest"; sourceTree = BUILT_PRODUCTS_DIR; };
		4684AD292803D21F004AEFF9 /* G_InterviewTests.swift */ = {isa = PBXFileReference; lastKnownFileType = sourcecode.swift; path = G_InterviewTests.swift; sourceTree = "<group>"; };
		4684AD2F2803D21F004AEFF9 /* G-InterviewUITests.xctest */ = {isa = PBXFileReference; explicitFileType = wrapper.cfbundle; includeInIndex = 0; path = "G-InterviewUITests.xctest"; sourceTree = BUILT_PRODUCTS_DIR; };
		4684AD332803D21F004AEFF9 /* G_InterviewUITests.swift */ = {isa = PBXFileReference; lastKnownFileType = sourcecode.swift; path = G_InterviewUITests.swift; sourceTree = "<group>"; };
		4684AD352803D21F004AEFF9 /* G_InterviewUITestsLaunchTests.swift */ = {isa = PBXFileReference; lastKnownFileType = sourcecode.swift; path = G_InterviewUITestsLaunchTests.swift; sourceTree = "<group>"; };
		4684AD432803D569004AEFF9 /* APIFetcher.swift */ = {isa = PBXFileReference; lastKnownFileType = sourcecode.swift; path = APIFetcher.swift; sourceTree = "<group>"; };
		4684AD452803D812004AEFF9 /* EndPoint.swift */ = {isa = PBXFileReference; lastKnownFileType = sourcecode.swift; path = EndPoint.swift; sourceTree = "<group>"; };
		4684AD472803D83A004AEFF9 /* NetworkError.swift */ = {isa = PBXFileReference; lastKnownFileType = sourcecode.swift; path = NetworkError.swift; sourceTree = "<group>"; };
		4684AD4A2803D8AB004AEFF9 /* NotiService.swift */ = {isa = PBXFileReference; lastKnownFileType = sourcecode.swift; path = NotiService.swift; sourceTree = "<group>"; };
		4684AD4C2803D8F8004AEFF9 /* APIService.swift */ = {isa = PBXFileReference; lastKnownFileType = sourcecode.swift; path = APIService.swift; sourceTree = "<group>"; };
		4684AD4F2803DE8D004AEFF9 /* NotiListViewModel.swift */ = {isa = PBXFileReference; lastKnownFileType = sourcecode.swift; path = NotiListViewModel.swift; sourceTree = "<group>"; };
		4684AD5B2803E3E7004AEFF9 /* UILabel.swift */ = {isa = PBXFileReference; lastKnownFileType = sourcecode.swift; path = UILabel.swift; sourceTree = "<group>"; };
		46B54F6328040434004C31AB /* NotiCell.swift */ = {isa = PBXFileReference; lastKnownFileType = sourcecode.swift; path = NotiCell.swift; sourceTree = "<group>"; };
		46B54F6928040713004C31AB /* Missable.swift */ = {isa = PBXFileReference; lastKnownFileType = sourcecode.swift; path = Missable.swift; sourceTree = "<group>"; };
		46B54F6B28040735004C31AB /* DefaultDecodable.swift */ = {isa = PBXFileReference; fileEncoding = 4; lastKnownFileType = sourcecode.swift; path = DefaultDecodable.swift; sourceTree = "<group>"; };
/* End PBXFileReference section */

/* Begin PBXFrameworksBuildPhase section */
		4684AD0C2803D21D004AEFF9 /* Frameworks */ = {
			isa = PBXFrameworksBuildPhase;
			buildActionMask = 2147483647;
			files = (
				46B54F67280405E2004C31AB /* Kingfisher in Frameworks */,
				4684AD562803E16F004AEFF9 /* StackViewHelper in Frameworks */,
				4684AD592803E1B0004AEFF9 /* AutoLayoutHelper in Frameworks */,
				4684AD532803E158004AEFF9 /* DeclarativeStyle in Frameworks */,
			);
			runOnlyForDeploymentPostprocessing = 0;
		};
		4684AD222803D21F004AEFF9 /* Frameworks */ = {
			isa = PBXFrameworksBuildPhase;
			buildActionMask = 2147483647;
			files = (
			);
			runOnlyForDeploymentPostprocessing = 0;
		};
		4684AD2C2803D21F004AEFF9 /* Frameworks */ = {
			isa = PBXFrameworksBuildPhase;
			buildActionMask = 2147483647;
			files = (
			);
			runOnlyForDeploymentPostprocessing = 0;
		};
/* End PBXFrameworksBuildPhase section */

/* Begin PBXGroup section */
		460735BC2803E6A3000F2E59 /* View */ = {
			isa = PBXGroup;
			children = (
				46B54F6328040434004C31AB /* NotiCell.swift */,
			);
			path = View;
			sourceTree = "<group>";
		};
		4684AD062803D21D004AEFF9 = {
			isa = PBXGroup;
			children = (
				4684AD112803D21D004AEFF9 /* G-Interview */,
				4684AD282803D21F004AEFF9 /* G-InterviewTests */,
				4684AD322803D21F004AEFF9 /* G-InterviewUITests */,
				4684AD102803D21D004AEFF9 /* Products */,
			);
			sourceTree = "<group>";
		};
		4684AD102803D21D004AEFF9 /* Products */ = {
			isa = PBXGroup;
			children = (
				4684AD0F2803D21D004AEFF9 /* G-Interview.app */,
				4684AD252803D21F004AEFF9 /* G-InterviewTests.xctest */,
				4684AD2F2803D21F004AEFF9 /* G-InterviewUITests.xctest */,
			);
			name = Products;
			sourceTree = "<group>";
		};
		4684AD112803D21D004AEFF9 /* G-Interview */ = {
			isa = PBXGroup;
			children = (
				46B54F6828040705004C31AB /* Lib */,
				4684AD5A2803E3D9004AEFF9 /* Extensions */,
				4684AD4E2803DDEC004AEFF9 /* Screen */,
				4684AD492803D893004AEFF9 /* APIService */,
				4684AD422803D552004AEFF9 /* Networking */,
				4684AD122803D21D004AEFF9 /* AppDelegate.swift */,
				4684AD142803D21D004AEFF9 /* SceneDelegate.swift */,
				4684AD182803D21D004AEFF9 /* Main.storyboard */,
				4684AD1B2803D21F004AEFF9 /* Assets.xcassets */,
				4684AD1D2803D21F004AEFF9 /* LaunchScreen.storyboard */,
				4684AD202803D21F004AEFF9 /* Info.plist */,
			);
			path = "G-Interview";
			sourceTree = "<group>";
		};
		4684AD282803D21F004AEFF9 /* G-InterviewTests */ = {
			isa = PBXGroup;
			children = (
				4684AD292803D21F004AEFF9 /* G_InterviewTests.swift */,
			);
			path = "G-InterviewTests";
			sourceTree = "<group>";
		};
		4684AD322803D21F004AEFF9 /* G-InterviewUITests */ = {
			isa = PBXGroup;
			children = (
				4684AD332803D21F004AEFF9 /* G_InterviewUITests.swift */,
				4684AD352803D21F004AEFF9 /* G_InterviewUITestsLaunchTests.swift */,
			);
			path = "G-InterviewUITests";
			sourceTree = "<group>";
		};
		4684AD422803D552004AEFF9 /* Networking */ = {
			isa = PBXGroup;
			children = (
				4684AD432803D569004AEFF9 /* APIFetcher.swift */,
				4684AD452803D812004AEFF9 /* EndPoint.swift */,
				4684AD472803D83A004AEFF9 /* NetworkError.swift */,
			);
			path = Networking;
			sourceTree = "<group>";
		};
		4684AD492803D893004AEFF9 /* APIService */ = {
			isa = PBXGroup;
			children = (
				4684AD4A2803D8AB004AEFF9 /* NotiService.swift */,
				4684AD4C2803D8F8004AEFF9 /* APIService.swift */,
			);
			path = APIService;
			sourceTree = "<group>";
		};
		4684AD4E2803DDEC004AEFF9 /* Screen */ = {
			isa = PBXGroup;
			children = (
				46B54F6D280415E4004C31AB /* Noti */,
			);
			path = Screen;
			sourceTree = "<group>";
		};
		4684AD5A2803E3D9004AEFF9 /* Extensions */ = {
			isa = PBXGroup;
			children = (
				4684AD5B2803E3E7004AEFF9 /* UILabel.swift */,
				460735BA2803E4BD000F2E59 /* UIButton.swift */,
				460735BD2803E74A000F2E59 /* UIView.swift */,
				460735BF2803E86E000F2E59 /* UIColor.swift */,
				460735C12803EC6F000F2E59 /* UITextField.swift */,
			);
			path = Extensions;
			sourceTree = "<group>";
		};
		46B54F6828040705004C31AB /* Lib */ = {
			isa = PBXGroup;
			children = (
				46B54F6B28040735004C31AB /* DefaultDecodable.swift */,
				46B54F6928040713004C31AB /* Missable.swift */,
			);
			path = Lib;
			sourceTree = "<group>";
		};
		46B54F6D280415E4004C31AB /* Noti */ = {
			isa = PBXGroup;
			children = (
				460735BC2803E6A3000F2E59 /* View */,
				4684AD162803D21D004AEFF9 /* NotiListVC.swift */,
				4684AD4F2803DE8D004AEFF9 /* NotiListViewModel.swift */,
			);
			path = Noti;
			sourceTree = "<group>";
		};
/* End PBXGroup section */

/* Begin PBXNativeTarget section */
		4684AD0E2803D21D004AEFF9 /* G-Interview */ = {
			isa = PBXNativeTarget;
			buildConfigurationList = 4684AD392803D21F004AEFF9 /* Build configuration list for PBXNativeTarget "G-Interview" */;
			buildPhases = (
				4684AD0B2803D21D004AEFF9 /* Sources */,
				4684AD0C2803D21D004AEFF9 /* Frameworks */,
				4684AD0D2803D21D004AEFF9 /* Resources */,
			);
			buildRules = (
			);
			dependencies = (
			);
			name = "G-Interview";
			packageProductDependencies = (
				4684AD522803E158004AEFF9 /* DeclarativeStyle */,
				4684AD552803E16F004AEFF9 /* StackViewHelper */,
				4684AD582803E1B0004AEFF9 /* AutoLayoutHelper */,
				46B54F66280405E2004C31AB /* Kingfisher */,
			);
			productName = "G-Interview";
			productReference = 4684AD0F2803D21D004AEFF9 /* G-Interview.app */;
			productType = "com.apple.product-type.application";
		};
		4684AD242803D21F004AEFF9 /* G-InterviewTests */ = {
			isa = PBXNativeTarget;
			buildConfigurationList = 4684AD3C2803D21F004AEFF9 /* Build configuration list for PBXNativeTarget "G-InterviewTests" */;
			buildPhases = (
				4684AD212803D21F004AEFF9 /* Sources */,
				4684AD222803D21F004AEFF9 /* Frameworks */,
				4684AD232803D21F004AEFF9 /* Resources */,
			);
			buildRules = (
			);
			dependencies = (
				4684AD272803D21F004AEFF9 /* PBXTargetDependency */,
			);
			name = "G-InterviewTests";
			productName = "G-InterviewTests";
			productReference = 4684AD252803D21F004AEFF9 /* G-InterviewTests.xctest */;
			productType = "com.apple.product-type.bundle.unit-test";
		};
		4684AD2E2803D21F004AEFF9 /* G-InterviewUITests */ = {
			isa = PBXNativeTarget;
			buildConfigurationList = 4684AD3F2803D21F004AEFF9 /* Build configuration list for PBXNativeTarget "G-InterviewUITests" */;
			buildPhases = (
				4684AD2B2803D21F004AEFF9 /* Sources */,
				4684AD2C2803D21F004AEFF9 /* Frameworks */,
				4684AD2D2803D21F004AEFF9 /* Resources */,
			);
			buildRules = (
			);
			dependencies = (
				4684AD312803D21F004AEFF9 /* PBXTargetDependency */,
			);
			name = "G-InterviewUITests";
			productName = "G-InterviewUITests";
			productReference = 4684AD2F2803D21F004AEFF9 /* G-InterviewUITests.xctest */;
			productType = "com.apple.product-type.bundle.ui-testing";
		};
/* End PBXNativeTarget section */

/* Begin PBXProject section */
		4684AD072803D21D004AEFF9 /* Project object */ = {
			isa = PBXProject;
			attributes = {
				BuildIndependentTargetsInParallel = 1;
				LastSwiftUpdateCheck = 1310;
				LastUpgradeCheck = 1310;
				TargetAttributes = {
					4684AD0E2803D21D004AEFF9 = {
						CreatedOnToolsVersion = 13.1;
					};
					4684AD242803D21F004AEFF9 = {
						CreatedOnToolsVersion = 13.1;
						TestTargetID = 4684AD0E2803D21D004AEFF9;
					};
					4684AD2E2803D21F004AEFF9 = {
						CreatedOnToolsVersion = 13.1;
						TestTargetID = 4684AD0E2803D21D004AEFF9;
					};
				};
			};
			buildConfigurationList = 4684AD0A2803D21D004AEFF9 /* Build configuration list for PBXProject "G-Interview" */;
			compatibilityVersion = "Xcode 13.0";
			developmentRegion = en;
			hasScannedForEncodings = 0;
			knownRegions = (
				en,
				Base,
			);
			mainGroup = 4684AD062803D21D004AEFF9;
			packageReferences = (
				4684AD512803E158004AEFF9 /* XCRemoteSwiftPackageReference "declarative-style" */,
				4684AD542803E16F004AEFF9 /* XCRemoteSwiftPackageReference "uistackview-helper" */,
				4684AD572803E1B0004AEFF9 /* XCRemoteSwiftPackageReference "autolayout-helper" */,
				46B54F65280405E2004C31AB /* XCRemoteSwiftPackageReference "Kingfisher" */,
			);
			productRefGroup = 4684AD102803D21D004AEFF9 /* Products */;
			projectDirPath = "";
			projectRoot = "";
			targets = (
				4684AD0E2803D21D004AEFF9 /* G-Interview */,
				4684AD242803D21F004AEFF9 /* G-InterviewTests */,
				4684AD2E2803D21F004AEFF9 /* G-InterviewUITests */,
			);
		};
/* End PBXProject section */

/* Begin PBXResourcesBuildPhase section */
		4684AD0D2803D21D004AEFF9 /* Resources */ = {
			isa = PBXResourcesBuildPhase;
			buildActionMask = 2147483647;
			files = (
				4684AD1F2803D21F004AEFF9 /* LaunchScreen.storyboard in Resources */,
				4684AD1C2803D21F004AEFF9 /* Assets.xcassets in Resources */,
				4684AD1A2803D21D004AEFF9 /* Main.storyboard in Resources */,
			);
			runOnlyForDeploymentPostprocessing = 0;
		};
		4684AD232803D21F004AEFF9 /* Resources */ = {
			isa = PBXResourcesBuildPhase;
			buildActionMask = 2147483647;
			files = (
			);
			runOnlyForDeploymentPostprocessing = 0;
		};
		4684AD2D2803D21F004AEFF9 /* Resources */ = {
			isa = PBXResourcesBuildPhase;
			buildActionMask = 2147483647;
			files = (
			);
			runOnlyForDeploymentPostprocessing = 0;
		};
/* End PBXResourcesBuildPhase section */

/* Begin PBXSourcesBuildPhase section */
		4684AD0B2803D21D004AEFF9 /* Sources */ = {
			isa = PBXSourcesBuildPhase;
			buildActionMask = 2147483647;
			files = (
				4684AD5C2803E3E7004AEFF9 /* UILabel.swift in Sources */,
				4684AD172803D21D004AEFF9 /* NotiListVC.swift in Sources */,
				4684AD132803D21D004AEFF9 /* AppDelegate.swift in Sources */,
				4684AD462803D812004AEFF9 /* EndPoint.swift in Sources */,
				460735BE2803E74A000F2E59 /* UIView.swift in Sources */,
				4684AD482803D83A004AEFF9 /* NetworkError.swift in Sources */,
				4684AD4B2803D8AB004AEFF9 /* NotiService.swift in Sources */,
				4684AD442803D569004AEFF9 /* APIFetcher.swift in Sources */,
				46B54F6C28040735004C31AB /* DefaultDecodable.swift in Sources */,
				4684AD4D2803D8F8004AEFF9 /* APIService.swift in Sources */,
				46B54F6A28040713004C31AB /* Missable.swift in Sources */,
				460735C22803EC6F000F2E59 /* UITextField.swift in Sources */,
				460735C02803E86E000F2E59 /* UIColor.swift in Sources */,
				460735BB2803E4BD000F2E59 /* UIButton.swift in Sources */,
				4684AD502803DE8D004AEFF9 /* NotiListViewModel.swift in Sources */,
				4684AD152803D21D004AEFF9 /* SceneDelegate.swift in Sources */,
				46B54F6428040434004C31AB /* NotiCell.swift in Sources */,
			);
			runOnlyForDeploymentPostprocessing = 0;
		};
		4684AD212803D21F004AEFF9 /* Sources */ = {
			isa = PBXSourcesBuildPhase;
			buildActionMask = 2147483647;
			files = (
				4684AD2A2803D21F004AEFF9 /* G_InterviewTests.swift in Sources */,
			);
			runOnlyForDeploymentPostprocessing = 0;
		};
		4684AD2B2803D21F004AEFF9 /* Sources */ = {
			isa = PBXSourcesBuildPhase;
			buildActionMask = 2147483647;
			files = (
				4684AD362803D21F004AEFF9 /* G_InterviewUITestsLaunchTests.swift in Sources */,
				4684AD342803D21F004AEFF9 /* G_InterviewUITests.swift in Sources */,
			);
			runOnlyForDeploymentPostprocessing = 0;
		};
/* End PBXSourcesBuildPhase section */

/* Begin PBXTargetDependency section */
		4684AD272803D21F004AEFF9 /* PBXTargetDependency */ = {
			isa = PBXTargetDependency;
			target = 4684AD0E2803D21D004AEFF9 /* G-Interview */;
			targetProxy = 4684AD262803D21F004AEFF9 /* PBXContainerItemProxy */;
		};
		4684AD312803D21F004AEFF9 /* PBXTargetDependency */ = {
			isa = PBXTargetDependency;
			target = 4684AD0E2803D21D004AEFF9 /* G-Interview */;
			targetProxy = 4684AD302803D21F004AEFF9 /* PBXContainerItemProxy */;
		};
/* End PBXTargetDependency section */

/* Begin PBXVariantGroup section */
		4684AD182803D21D004AEFF9 /* Main.storyboard */ = {
			isa = PBXVariantGroup;
			children = (
				4684AD192803D21D004AEFF9 /* Base */,
			);
			name = Main.storyboard;
			sourceTree = "<group>";
		};
		4684AD1D2803D21F004AEFF9 /* LaunchScreen.storyboard */ = {
			isa = PBXVariantGroup;
			children = (
				4684AD1E2803D21F004AEFF9 /* Base */,
			);
			name = LaunchScreen.storyboard;
			sourceTree = "<group>";
		};
/* End PBXVariantGroup section */

/* Begin XCBuildConfiguration section */
		4684AD372803D21F004AEFF9 /* Debug */ = {
			isa = XCBuildConfiguration;
			buildSettings = {
				ALWAYS_SEARCH_USER_PATHS = NO;
				CLANG_ANALYZER_NONNULL = YES;
				CLANG_ANALYZER_NUMBER_OBJECT_CONVERSION = YES_AGGRESSIVE;
				CLANG_CXX_LANGUAGE_STANDARD = "gnu++17";
				CLANG_CXX_LIBRARY = "libc++";
				CLANG_ENABLE_MODULES = YES;
				CLANG_ENABLE_OBJC_ARC = YES;
				CLANG_ENABLE_OBJC_WEAK = YES;
				CLANG_WARN_BLOCK_CAPTURE_AUTORELEASING = YES;
				CLANG_WARN_BOOL_CONVERSION = YES;
				CLANG_WARN_COMMA = YES;
				CLANG_WARN_CONSTANT_CONVERSION = YES;
				CLANG_WARN_DEPRECATED_OBJC_IMPLEMENTATIONS = YES;
				CLANG_WARN_DIRECT_OBJC_ISA_USAGE = YES_ERROR;
				CLANG_WARN_DOCUMENTATION_COMMENTS = YES;
				CLANG_WARN_EMPTY_BODY = YES;
				CLANG_WARN_ENUM_CONVERSION = YES;
				CLANG_WARN_INFINITE_RECURSION = YES;
				CLANG_WARN_INT_CONVERSION = YES;
				CLANG_WARN_NON_LITERAL_NULL_CONVERSION = YES;
				CLANG_WARN_OBJC_IMPLICIT_RETAIN_SELF = YES;
				CLANG_WARN_OBJC_LITERAL_CONVERSION = YES;
				CLANG_WARN_OBJC_ROOT_CLASS = YES_ERROR;
				CLANG_WARN_QUOTED_INCLUDE_IN_FRAMEWORK_HEADER = YES;
				CLANG_WARN_RANGE_LOOP_ANALYSIS = YES;
				CLANG_WARN_STRICT_PROTOTYPES = YES;
				CLANG_WARN_SUSPICIOUS_MOVE = YES;
				CLANG_WARN_UNGUARDED_AVAILABILITY = YES_AGGRESSIVE;
				CLANG_WARN_UNREACHABLE_CODE = YES;
				CLANG_WARN__DUPLICATE_METHOD_MATCH = YES;
				COPY_PHASE_STRIP = NO;
				DEBUG_INFORMATION_FORMAT = dwarf;
				ENABLE_STRICT_OBJC_MSGSEND = YES;
				ENABLE_TESTABILITY = YES;
				GCC_C_LANGUAGE_STANDARD = gnu11;
				GCC_DYNAMIC_NO_PIC = NO;
				GCC_NO_COMMON_BLOCKS = YES;
				GCC_OPTIMIZATION_LEVEL = 0;
				GCC_PREPROCESSOR_DEFINITIONS = (
					"DEBUG=1",
					"$(inherited)",
				);
				GCC_WARN_64_TO_32_BIT_CONVERSION = YES;
				GCC_WARN_ABOUT_RETURN_TYPE = YES_ERROR;
				GCC_WARN_UNDECLARED_SELECTOR = YES;
				GCC_WARN_UNINITIALIZED_AUTOS = YES_AGGRESSIVE;
				GCC_WARN_UNUSED_FUNCTION = YES;
				GCC_WARN_UNUSED_VARIABLE = YES;
				IPHONEOS_DEPLOYMENT_TARGET = 13.0;
				MTL_ENABLE_DEBUG_INFO = INCLUDE_SOURCE;
				MTL_FAST_MATH = YES;
				ONLY_ACTIVE_ARCH = YES;
				SDKROOT = iphoneos;
				SWIFT_ACTIVE_COMPILATION_CONDITIONS = DEBUG;
				SWIFT_OPTIMIZATION_LEVEL = "-Onone";
			};
			name = Debug;
		};
		4684AD382803D21F004AEFF9 /* Release */ = {
			isa = XCBuildConfiguration;
			buildSettings = {
				ALWAYS_SEARCH_USER_PATHS = NO;
				CLANG_ANALYZER_NONNULL = YES;
				CLANG_ANALYZER_NUMBER_OBJECT_CONVERSION = YES_AGGRESSIVE;
				CLANG_CXX_LANGUAGE_STANDARD = "gnu++17";
				CLANG_CXX_LIBRARY = "libc++";
				CLANG_ENABLE_MODULES = YES;
				CLANG_ENABLE_OBJC_ARC = YES;
				CLANG_ENABLE_OBJC_WEAK = YES;
				CLANG_WARN_BLOCK_CAPTURE_AUTORELEASING = YES;
				CLANG_WARN_BOOL_CONVERSION = YES;
				CLANG_WARN_COMMA = YES;
				CLANG_WARN_CONSTANT_CONVERSION = YES;
				CLANG_WARN_DEPRECATED_OBJC_IMPLEMENTATIONS = YES;
				CLANG_WARN_DIRECT_OBJC_ISA_USAGE = YES_ERROR;
				CLANG_WARN_DOCUMENTATION_COMMENTS = YES;
				CLANG_WARN_EMPTY_BODY = YES;
				CLANG_WARN_ENUM_CONVERSION = YES;
				CLANG_WARN_INFINITE_RECURSION = YES;
				CLANG_WARN_INT_CONVERSION = YES;
				CLANG_WARN_NON_LITERAL_NULL_CONVERSION = YES;
				CLANG_WARN_OBJC_IMPLICIT_RETAIN_SELF = YES;
				CLANG_WARN_OBJC_LITERAL_CONVERSION = YES;
				CLANG_WARN_OBJC_ROOT_CLASS = YES_ERROR;
				CLANG_WARN_QUOTED_INCLUDE_IN_FRAMEWORK_HEADER = YES;
				CLANG_WARN_RANGE_LOOP_ANALYSIS = YES;
				CLANG_WARN_STRICT_PROTOTYPES = YES;
				CLANG_WARN_SUSPICIOUS_MOVE = YES;
				CLANG_WARN_UNGUARDED_AVAILABILITY = YES_AGGRESSIVE;
				CLANG_WARN_UNREACHABLE_CODE = YES;
				CLANG_WARN__DUPLICATE_METHOD_MATCH = YES;
				COPY_PHASE_STRIP = NO;
				DEBUG_INFORMATION_FORMAT = "dwarf-with-dsym";
				ENABLE_NS_ASSERTIONS = NO;
				ENABLE_STRICT_OBJC_MSGSEND = YES;
				GCC_C_LANGUAGE_STANDARD = gnu11;
				GCC_NO_COMMON_BLOCKS = YES;
				GCC_WARN_64_TO_32_BIT_CONVERSION = YES;
				GCC_WARN_ABOUT_RETURN_TYPE = YES_ERROR;
				GCC_WARN_UNDECLARED_SELECTOR = YES;
				GCC_WARN_UNINITIALIZED_AUTOS = YES_AGGRESSIVE;
				GCC_WARN_UNUSED_FUNCTION = YES;
				GCC_WARN_UNUSED_VARIABLE = YES;
				IPHONEOS_DEPLOYMENT_TARGET = 13.0;
				MTL_ENABLE_DEBUG_INFO = NO;
				MTL_FAST_MATH = YES;
				SDKROOT = iphoneos;
				SWIFT_COMPILATION_MODE = wholemodule;
				SWIFT_OPTIMIZATION_LEVEL = "-O";
				VALIDATE_PRODUCT = YES;
			};
			name = Release;
		};
		4684AD3A2803D21F004AEFF9 /* Debug */ = {
			isa = XCBuildConfiguration;
			buildSettings = {
				ASSETCATALOG_COMPILER_APPICON_NAME = AppIcon;
				ASSETCATALOG_COMPILER_GLOBAL_ACCENT_COLOR_NAME = AccentColor;
				CODE_SIGN_STYLE = Automatic;
				CURRENT_PROJECT_VERSION = 1;
				DEVELOPMENT_TEAM = BZ44J2SV8A;
				GENERATE_INFOPLIST_FILE = YES;
				INFOPLIST_FILE = "G-Interview/Info.plist";
				INFOPLIST_KEY_UIApplicationSupportsIndirectInputEvents = YES;
				INFOPLIST_KEY_UILaunchStoryboardName = LaunchScreen;
				INFOPLIST_KEY_UISupportedInterfaceOrientations_iPad = "UIInterfaceOrientationPortrait UIInterfaceOrientationPortraitUpsideDown UIInterfaceOrientationLandscapeLeft UIInterfaceOrientationLandscapeRight";
				INFOPLIST_KEY_UISupportedInterfaceOrientations_iPhone = "UIInterfaceOrientationPortrait UIInterfaceOrientationLandscapeLeft UIInterfaceOrientationLandscapeRight";
				IPHONEOS_DEPLOYMENT_TARGET = 13.0;
				LD_RUNPATH_SEARCH_PATHS = (
					"$(inherited)",
					"@executable_path/Frameworks",
				);
				MARKETING_VERSION = 1.0;
				PRODUCT_BUNDLE_IDENTIFIER = "com.sideneckx.G-Interview";
				PRODUCT_NAME = "$(TARGET_NAME)";
				SWIFT_EMIT_LOC_STRINGS = YES;
				SWIFT_VERSION = 5.0;
				TARGETED_DEVICE_FAMILY = "1,2";
			};
			name = Debug;
		};
		4684AD3B2803D21F004AEFF9 /* Release */ = {
			isa = XCBuildConfiguration;
			buildSettings = {
				ASSETCATALOG_COMPILER_APPICON_NAME = AppIcon;
				ASSETCATALOG_COMPILER_GLOBAL_ACCENT_COLOR_NAME = AccentColor;
				CODE_SIGN_STYLE = Automatic;
				CURRENT_PROJECT_VERSION = 1;
				DEVELOPMENT_TEAM = BZ44J2SV8A;
				GENERATE_INFOPLIST_FILE = YES;
				INFOPLIST_FILE = "G-Interview/Info.plist";
				INFOPLIST_KEY_UIApplicationSupportsIndirectInputEvents = YES;
				INFOPLIST_KEY_UILaunchStoryboardName = LaunchScreen;
				INFOPLIST_KEY_UISupportedInterfaceOrientations_iPad = "UIInterfaceOrientationPortrait UIInterfaceOrientationPortraitUpsideDown UIInterfaceOrientationLandscapeLeft UIInterfaceOrientationLandscapeRight";
				INFOPLIST_KEY_UISupportedInterfaceOrientations_iPhone = "UIInterfaceOrientationPortrait UIInterfaceOrientationLandscapeLeft UIInterfaceOrientationLandscapeRight";
				IPHONEOS_DEPLOYMENT_TARGET = 13.0;
				LD_RUNPATH_SEARCH_PATHS = (
					"$(inherited)",
					"@executable_path/Frameworks",
				);
				MARKETING_VERSION = 1.0;
				PRODUCT_BUNDLE_IDENTIFIER = "com.sideneckx.G-Interview";
				PRODUCT_NAME = "$(TARGET_NAME)";
				SWIFT_EMIT_LOC_STRINGS = YES;
				SWIFT_VERSION = 5.0;
				TARGETED_DEVICE_FAMILY = "1,2";
			};
			name = Release;
		};
		4684AD3D2803D21F004AEFF9 /* Debug */ = {
			isa = XCBuildConfiguration;
			buildSettings = {
				ALWAYS_EMBED_SWIFT_STANDARD_LIBRARIES = YES;
				BUNDLE_LOADER = "$(TEST_HOST)";
				CODE_SIGN_STYLE = Automatic;
				CURRENT_PROJECT_VERSION = 1;
				DEVELOPMENT_TEAM = BZ44J2SV8A;
				GENERATE_INFOPLIST_FILE = YES;
				IPHONEOS_DEPLOYMENT_TARGET = 15.0;
				LD_RUNPATH_SEARCH_PATHS = (
					"$(inherited)",
					"@executable_path/Frameworks",
					"@loader_path/Frameworks",
				);
				MARKETING_VERSION = 1.0;
				PRODUCT_BUNDLE_IDENTIFIER = "com.sideneckx.G-InterviewTests";
				PRODUCT_NAME = "$(TARGET_NAME)";
				SWIFT_EMIT_LOC_STRINGS = NO;
				SWIFT_VERSION = 5.0;
				TARGETED_DEVICE_FAMILY = "1,2";
				TEST_HOST = "$(BUILT_PRODUCTS_DIR)/G-Interview.app/G-Interview";
			};
			name = Debug;
		};
		4684AD3E2803D21F004AEFF9 /* Release */ = {
			isa = XCBuildConfiguration;
			buildSettings = {
				ALWAYS_EMBED_SWIFT_STANDARD_LIBRARIES = YES;
				BUNDLE_LOADER = "$(TEST_HOST)";
				CODE_SIGN_STYLE = Automatic;
				CURRENT_PROJECT_VERSION = 1;
				DEVELOPMENT_TEAM = BZ44J2SV8A;
				GENERATE_INFOPLIST_FILE = YES;
				IPHONEOS_DEPLOYMENT_TARGET = 15.0;
				LD_RUNPATH_SEARCH_PATHS = (
					"$(inherited)",
					"@executable_path/Frameworks",
					"@loader_path/Frameworks",
				);
				MARKETING_VERSION = 1.0;
				PRODUCT_BUNDLE_IDENTIFIER = "com.sideneckx.G-InterviewTests";
				PRODUCT_NAME = "$(TARGET_NAME)";
				SWIFT_EMIT_LOC_STRINGS = NO;
				SWIFT_VERSION = 5.0;
				TARGETED_DEVICE_FAMILY = "1,2";
				TEST_HOST = "$(BUILT_PRODUCTS_DIR)/G-Interview.app/G-Interview";
			};
			name = Release;
		};
		4684AD402803D21F004AEFF9 /* Debug */ = {
			isa = XCBuildConfiguration;
			buildSettings = {
				ALWAYS_EMBED_SWIFT_STANDARD_LIBRARIES = YES;
				CODE_SIGN_STYLE = Automatic;
				CURRENT_PROJECT_VERSION = 1;
				DEVELOPMENT_TEAM = BZ44J2SV8A;
				GENERATE_INFOPLIST_FILE = YES;
				LD_RUNPATH_SEARCH_PATHS = (
					"$(inherited)",
					"@executable_path/Frameworks",
					"@loader_path/Frameworks",
				);
				MARKETING_VERSION = 1.0;
				PRODUCT_BUNDLE_IDENTIFIER = "com.sideneckx.G-InterviewUITests";
				PRODUCT_NAME = "$(TARGET_NAME)";
				SWIFT_EMIT_LOC_STRINGS = NO;
				SWIFT_VERSION = 5.0;
				TARGETED_DEVICE_FAMILY = "1,2";
				TEST_TARGET_NAME = "G-Interview";
			};
			name = Debug;
		};
		4684AD412803D21F004AEFF9 /* Release */ = {
			isa = XCBuildConfiguration;
			buildSettings = {
				ALWAYS_EMBED_SWIFT_STANDARD_LIBRARIES = YES;
				CODE_SIGN_STYLE = Automatic;
				CURRENT_PROJECT_VERSION = 1;
				DEVELOPMENT_TEAM = BZ44J2SV8A;
				GENERATE_INFOPLIST_FILE = YES;
				LD_RUNPATH_SEARCH_PATHS = (
					"$(inherited)",
					"@executable_path/Frameworks",
					"@loader_path/Frameworks",
				);
				MARKETING_VERSION = 1.0;
				PRODUCT_BUNDLE_IDENTIFIER = "com.sideneckx.G-InterviewUITests";
				PRODUCT_NAME = "$(TARGET_NAME)";
				SWIFT_EMIT_LOC_STRINGS = NO;
				SWIFT_VERSION = 5.0;
				TARGETED_DEVICE_FAMILY = "1,2";
				TEST_TARGET_NAME = "G-Interview";
			};
			name = Release;
		};
/* End XCBuildConfiguration section */

/* Begin XCConfigurationList section */
		4684AD0A2803D21D004AEFF9 /* Build configuration list for PBXProject "G-Interview" */ = {
			isa = XCConfigurationList;
			buildConfigurations = (
				4684AD372803D21F004AEFF9 /* Debug */,
				4684AD382803D21F004AEFF9 /* Release */,
			);
			defaultConfigurationIsVisible = 0;
			defaultConfigurationName = Release;
		};
		4684AD392803D21F004AEFF9 /* Build configuration list for PBXNativeTarget "G-Interview" */ = {
			isa = XCConfigurationList;
			buildConfigurations = (
				4684AD3A2803D21F004AEFF9 /* Debug */,
				4684AD3B2803D21F004AEFF9 /* Release */,
			);
			defaultConfigurationIsVisible = 0;
			defaultConfigurationName = Release;
		};
		4684AD3C2803D21F004AEFF9 /* Build configuration list for PBXNativeTarget "G-InterviewTests" */ = {
			isa = XCConfigurationList;
			buildConfigurations = (
				4684AD3D2803D21F004AEFF9 /* Debug */,
				4684AD3E2803D21F004AEFF9 /* Release */,
			);
			defaultConfigurationIsVisible = 0;
			defaultConfigurationName = Release;
		};
		4684AD3F2803D21F004AEFF9 /* Build configuration list for PBXNativeTarget "G-InterviewUITests" */ = {
			isa = XCConfigurationList;
			buildConfigurations = (
				4684AD402803D21F004AEFF9 /* Debug */,
				4684AD412803D21F004AEFF9 /* Release */,
			);
			defaultConfigurationIsVisible = 0;
			defaultConfigurationName = Release;
		};
/* End XCConfigurationList section */

/* Begin XCRemoteSwiftPackageReference section */
		4684AD512803E158004AEFF9 /* XCRemoteSwiftPackageReference "declarative-style" */ = {
			isa = XCRemoteSwiftPackageReference;
			repositoryURL = "https://github.com/phthphat-lib/declarative-style.git";
			requirement = {
				kind = upToNextMajorVersion;
				minimumVersion = 3.0.0;
			};
		};
		4684AD542803E16F004AEFF9 /* XCRemoteSwiftPackageReference "uistackview-helper" */ = {
			isa = XCRemoteSwiftPackageReference;
			repositoryURL = "https://github.com/phthphat-lib/uistackview-helper.git";
			requirement = {
				kind = upToNextMajorVersion;
				minimumVersion = 1.0.0;
			};
		};
		4684AD572803E1B0004AEFF9 /* XCRemoteSwiftPackageReference "autolayout-helper" */ = {
			isa = XCRemoteSwiftPackageReference;
			repositoryURL = "https://github.com/phthphat-lib/autolayout-helper.git";
			requirement = {
				kind = upToNextMajorVersion;
				minimumVersion = 0.1.2;
			};
		};
		46B54F65280405E2004C31AB /* XCRemoteSwiftPackageReference "Kingfisher" */ = {
			isa = XCRemoteSwiftPackageReference;
			repositoryURL = "https://github.com/onevcat/Kingfisher.git";
			requirement = {
				kind = upToNextMajorVersion;
				minimumVersion = 7.0.0;
			};
		};
/* End XCRemoteSwiftPackageReference section */

/* Begin XCSwiftPackageProductDependency section */
		4684AD522803E158004AEFF9 /* DeclarativeStyle */ = {
			isa = XCSwiftPackageProductDependency;
			package = 4684AD512803E158004AEFF9 /* XCRemoteSwiftPackageReference "declarative-style" */;
			productName = DeclarativeStyle;
		};
		4684AD552803E16F004AEFF9 /* StackViewHelper */ = {
			isa = XCSwiftPackageProductDependency;
			package = 4684AD542803E16F004AEFF9 /* XCRemoteSwiftPackageReference "uistackview-helper" */;
			productName = StackViewHelper;
		};
		4684AD582803E1B0004AEFF9 /* AutoLayoutHelper */ = {
			isa = XCSwiftPackageProductDependency;
			package = 4684AD572803E1B0004AEFF9 /* XCRemoteSwiftPackageReference "autolayout-helper" */;
			productName = AutoLayoutHelper;
		};
		46B54F66280405E2004C31AB /* Kingfisher */ = {
			isa = XCSwiftPackageProductDependency;
			package = 46B54F65280405E2004C31AB /* XCRemoteSwiftPackageReference "Kingfisher" */;
			productName = Kingfisher;
		};
/* End XCSwiftPackageProductDependency section */
	};
	rootObject = 4684AD072803D21D004AEFF9 /* Project object */;
}
